
Microsoft Visual Studio Solution File, Format Version 12.00
# Visual Studio Version 17
VisualStudioVersion = 17.4.33103.184
MinimumVisualStudioVersion = 10.0.40219.1
Project("{FAE04EC0-301F-11D3-BF4B-00C04F79EFBC}") = "Session_State_Management", "Session_State_Management\Session_State_Management.csproj", "{EAC78F06-D276-4F31-BB43-275A7993BB5C}"
EndProject
Project("{FAE04EC0-301F-11D3-BF4B-00C04F79EFBC}") = "Login_Auth", "Login_Auth\Login_Auth.csproj", "{40DC3496-9AD1-44C3-BA6D-7917D87DEE05}"
EndProject
Global
	GlobalSection(SolutionConfigurationPlatforms) = preSolution
		Debug|Any CPU = Debug|Any CPU
		Release|Any CPU = Release|Any CPU
	EndGlobalSection
	GlobalSection(ProjectConfigurationPlatforms) = postSolution
		{EAC78F06-D276-4F31-BB43-275A7993BB5C}.Debug|Any CPU.ActiveCfg = Debug|Any CPU
		{EAC78F06-D276-4F31-BB43-275A7993BB5C}.Debug|Any CPU.Build.0 = Debug|Any CPU
		{EAC78F06-D276-4F31-BB43-275A7993BB5C}.Release|Any CPU.ActiveCfg = Release|Any CPU
		{EAC78F06-D276-4F31-BB43-275A7993BB5C}.Release|Any CPU.Build.0 = Release|Any CPU
		{40DC3496-9AD1-44C3-BA6D-7917D87DEE05}.Debug|Any CPU.ActiveCfg = Debug|Any CPU
		{40DC3496-9AD1-44C3-BA6D-7917D87DEE05}.Debug|Any CPU.Build.0 = Debug|Any CPU
		{40DC3496-9AD1-44C3-BA6D-7917D87DEE05}.Release|Any CPU.ActiveCfg = Release|Any CPU
		{40DC3496-9AD1-44C3-BA6D-7917D87DEE05}.Release|Any CPU.Build.0 = Release|Any CPU
	EndGlobalSection
	GlobalSection(SolutionProperties) = preSolution
		HideSolutionNode = FALSE
	EndGlobalSection
	GlobalSection(ExtensibilityGlobals) = postSolution
		SolutionGuid = {0CDE8288-FD79-4EEB-A612-E799219679A0}
	EndGlobalSection
EndGlobal
